
Microsoft Visual Studio Solution File, Format Version 12.00
# Visual Studio Version 17
VisualStudioVersion = 17.3.32804.467
MinimumVisualStudioVersion = 10.0.40219.1
Project("{9A19103F-16F7-4668-BE54-9A1E7A4F7556}") = "SimpleExcelReader", "SimpleExcelReader\SimpleExcelReader.csproj", "{BAEAD24E-9276-48AD-91ED-3CD9F39D5834}"
EndProject
Project("{FAE04EC0-301F-11D3-BF4B-00C04F79EFBC}") = "JObjectScraps", "JObjectScraps\JObjectScraps.csproj", "{1DE4D88C-FE10-43F6-B1F1-A28829186AB5}"
EndProject
Global
	GlobalSection(SolutionConfigurationPlatforms) = preSolution
		Debug|Any CPU = Debug|Any CPU
		Release|Any CPU = Release|Any CPU
	EndGlobalSection
	GlobalSection(ProjectConfigurationPlatforms) = postSolution
		{BAEAD24E-9276-48AD-91ED-3CD9F39D5834}.Debug|Any CPU.ActiveCfg = Debug|Any CPU
		{BAEAD24E-9276-48AD-91ED-3CD9F39D5834}.Debug|Any CPU.Build.0 = Debug|Any CPU
		{BAEAD24E-9276-48AD-91ED-3CD9F39D5834}.Release|Any CPU.ActiveCfg = Release|Any CPU
		{BAEAD24E-9276-48AD-91ED-3CD9F39D5834}.Release|Any CPU.Build.0 = Release|Any CPU
		{1DE4D88C-FE10-43F6-B1F1-A28829186AB5}.Debug|Any CPU.ActiveCfg = Debug|Any CPU
		{1DE4D88C-FE10-43F6-B1F1-A28829186AB5}.Debug|Any CPU.Build.0 = Debug|Any CPU
		{1DE4D88C-FE10-43F6-B1F1-A28829186AB5}.Release|Any CPU.ActiveCfg = Release|Any CPU
		{1DE4D88C-FE10-43F6-B1F1-A28829186AB5}.Release|Any CPU.Build.0 = Release|Any CPU
	EndGlobalSection
	GlobalSection(SolutionProperties) = preSolution
		HideSolutionNode = FALSE
	EndGlobalSection
	GlobalSection(ExtensibilityGlobals) = postSolution
		SolutionGuid = {F5E919B3-04E2-495D-AE90-1C12646A8B19}
	EndGlobalSection
EndGlobal
